
Microsoft Visual Studio Solution File, Format Version 12.00
# Visual Studio 15
VisualStudioVersion = 15.0.27703.2042
MinimumVisualStudioVersion = 10.0.40219.1
Project("{E24C65DC-7377-472B-9ABA-BC803B73C61A}") = "Pro", "Pro\", "{8722E508-872D-42C0-A0DF-CFCE24390889}"
	ProjectSection(WebsiteProperties) = preProject
		TargetFrameworkMoniker = ".NETFramework,Version%3Dv4.6.1"
		Debug.AspNetCompiler.VirtualPath = "/localhost_61700"
		Debug.AspNetCompiler.PhysicalPath = "Pro\"
		Debug.AspNetCompiler.TargetPath = "PrecompiledWeb\localhost_61700\"
		Debug.AspNetCompiler.Updateable = "true"
		Debug.AspNetCompiler.ForceOverwrite = "true"
		Debug.AspNetCompiler.FixedNames = "false"
		Debug.AspNetCompiler.Debug = "True"
		Release.AspNetCompiler.VirtualPath = "/localhost_61700"
		Release.AspNetCompiler.PhysicalPath = "Pro\"
		Release.AspNetCompiler.TargetPath = "PrecompiledWeb\localhost_61700\"
		Release.AspNetCompiler.Updateable = "true"
		Release.AspNetCompiler.ForceOverwrite = "true"
		Release.AspNetCompiler.FixedNames = "false"
		Release.AspNetCompiler.Debug = "False"
		VWDPort = "61700"
		SlnRelativePath = "Pro\"
		DefaultWebSiteLanguage = "Visual C#"
	EndProjectSection
EndProject
Global
	GlobalSection(SolutionConfigurationPlatforms) = preSolution
		Debug|Any CPU = Debug|Any CPU
	EndGlobalSection
	GlobalSection(ProjectConfigurationPlatforms) = postSolution
		{8722E508-872D-42C0-A0DF-CFCE24390889}.Debug|Any CPU.ActiveCfg = Debug|Any CPU
		{8722E508-872D-42C0-A0DF-CFCE24390889}.Debug|Any CPU.Build.0 = Debug|Any CPU
	EndGlobalSection
	GlobalSection(SolutionProperties) = preSolution
		HideSolutionNode = FALSE
	EndGlobalSection
	GlobalSection(ExtensibilityGlobals) = postSolution
		SolutionGuid = {06A6EF0B-12EC-410B-974F-152F2194E2FD}
	EndGlobalSection
EndGlobal
